// !$*UTF8*$!
{
	archiveVersion = 1;
	classes = {
	};
	objectVersion = 55;
	objects = {

/* Begin PBXBuildFile section */
		2C397DC235DF8E84C5334D19 /* Pods_FlowerGarden.framework in Frameworks */ = {isa = PBXBuildFile; fileRef = F32C68FFA32B7D1761D53B3E /* Pods_FlowerGarden.framework */; };
		C012FD5728D710C800A755C0 /* LikeDetailViewController.swift in Sources */ = {isa = PBXBuildFile; fileRef = C012FD5628D710C800A755C0 /* LikeDetailViewController.swift */; };
		C0745AE228D314F7009B9D7F /* HomeDetailViewController.swift in Sources */ = {isa = PBXBuildFile; fileRef = C0745AE128D314F7009B9D7F /* HomeDetailViewController.swift */; };
		C0819D6D28E5BB2800210227 /* GoogleService-Info.plist in Resources */ = {isa = PBXBuildFile; fileRef = C0819D6C28E5BB2800210227 /* GoogleService-Info.plist */; };
		C0819D6F28E5D7E600210227 /* a-botanical-wreath-loading.json in Resources */ = {isa = PBXBuildFile; fileRef = C0819D6E28E5D7E600210227 /* a-botanical-wreath-loading.json */; };
		C0819D7328E6EEB700210227 /* TabBarController.swift in Sources */ = {isa = PBXBuildFile; fileRef = C0819D7228E6EEB700210227 /* TabBarController.swift */; };
		C0AD121528D2EE99003A87C5 /* StoreListTableViewCell.swift in Sources */ = {isa = PBXBuildFile; fileRef = C0AD121428D2EE99003A87C5 /* StoreListTableViewCell.swift */; };
		C0B72C2028D6E98900077682 /* UserTableViewCell.swift in Sources */ = {isa = PBXBuildFile; fileRef = C0B72C1F28D6E98900077682 /* UserTableViewCell.swift */; };
		C0B8AE6E28D0B38400C256D8 /* HomeBannerCollectionViewCell.swift in Sources */ = {isa = PBXBuildFile; fileRef = C0B8AE6D28D0B38400C256D8 /* HomeBannerCollectionViewCell.swift */; };
		C0CFBDCD28D6EE8400B639D2 /* UserDetailViewController.swift in Sources */ = {isa = PBXBuildFile; fileRef = C0CFBDCC28D6EE8400B639D2 /* UserDetailViewController.swift */; };
		C0CFBDD028D7022800B639D2 /* LikeCollectionViewCell.swift in Sources */ = {isa = PBXBuildFile; fileRef = C0CFBDCF28D7022800B639D2 /* LikeCollectionViewCell.swift */; };
		C0E7749628D3994C00FB9A5F /* HomeDetailTableViewCell.swift in Sources */ = {isa = PBXBuildFile; fileRef = C0E7749528D3994C00FB9A5F /* HomeDetailTableViewCell.swift */; };
		C0EDD93D28D0A9B4004086FD /* MapViewController.swift in Sources */ = {isa = PBXBuildFile; fileRef = C0EDD93C28D0A9B4004086FD /* MapViewController.swift */; };
		C0EDD93F28D0A9CF004086FD /* LikeViewController.swift in Sources */ = {isa = PBXBuildFile; fileRef = C0EDD93E28D0A9CF004086FD /* LikeViewController.swift */; };
		C0EDD94128D0A9E2004086FD /* UserViewController.swift in Sources */ = {isa = PBXBuildFile; fileRef = C0EDD94028D0A9E2004086FD /* UserViewController.swift */; };
		C0F6A7BB28D0680200DAAACB /* AppDelegate.swift in Sources */ = {isa = PBXBuildFile; fileRef = C0F6A7BA28D0680200DAAACB /* AppDelegate.swift */; };
		C0F6A7BD28D0680200DAAACB /* SceneDelegate.swift in Sources */ = {isa = PBXBuildFile; fileRef = C0F6A7BC28D0680200DAAACB /* SceneDelegate.swift */; };
		C0F6A7BF28D0680200DAAACB /* HomeViewController.swift in Sources */ = {isa = PBXBuildFile; fileRef = C0F6A7BE28D0680200DAAACB /* HomeViewController.swift */; };
		C0F6A7C228D0680200DAAACB /* Main.storyboard in Resources */ = {isa = PBXBuildFile; fileRef = C0F6A7C028D0680200DAAACB /* Main.storyboard */; };
		C0F6A7C428D0680400DAAACB /* Assets.xcassets in Resources */ = {isa = PBXBuildFile; fileRef = C0F6A7C328D0680400DAAACB /* Assets.xcassets */; };
		C0F6A7C728D0680400DAAACB /* LaunchScreen.storyboard in Resources */ = {isa = PBXBuildFile; fileRef = C0F6A7C528D0680400DAAACB /* LaunchScreen.storyboard */; };
/* End PBXBuildFile section */

/* Begin PBXFileReference section */
		1BE388F886460B847F5F759F /* Pods-FlowerGarden.release.xcconfig */ = {isa = PBXFileReference; includeInIndex = 1; lastKnownFileType = text.xcconfig; name = "Pods-FlowerGarden.release.xcconfig"; path = "Target Support Files/Pods-FlowerGarden/Pods-FlowerGarden.release.xcconfig"; sourceTree = "<group>"; };
		C012FD5628D710C800A755C0 /* LikeDetailViewController.swift */ = {isa = PBXFileReference; lastKnownFileType = sourcecode.swift; path = LikeDetailViewController.swift; sourceTree = "<group>"; };
		C0745AE128D314F7009B9D7F /* HomeDetailViewController.swift */ = {isa = PBXFileReference; lastKnownFileType = sourcecode.swift; path = HomeDetailViewController.swift; sourceTree = "<group>"; };
		C0819D6C28E5BB2800210227 /* GoogleService-Info.plist */ = {isa = PBXFileReference; fileEncoding = 4; lastKnownFileType = text.plist.xml; name = "GoogleService-Info.plist"; path = "../../../../../Downloads/GoogleService-Info.plist"; sourceTree = "<group>"; };
		C0819D6E28E5D7E600210227 /* a-botanical-wreath-loading.json */ = {isa = PBXFileReference; fileEncoding = 4; lastKnownFileType = text.json; name = "a-botanical-wreath-loading.json"; path = "../../../../../Downloads/a-botanical-wreath-loading.json"; sourceTree = "<group>"; };
		C0819D7228E6EEB700210227 /* TabBarController.swift */ = {isa = PBXFileReference; lastKnownFileType = sourcecode.swift; path = TabBarController.swift; sourceTree = "<group>"; };
		C0AD121428D2EE99003A87C5 /* StoreListTableViewCell.swift */ = {isa = PBXFileReference; lastKnownFileType = sourcecode.swift; path = StoreListTableViewCell.swift; sourceTree = "<group>"; };
		C0B72C1F28D6E98900077682 /* UserTableViewCell.swift */ = {isa = PBXFileReference; lastKnownFileType = sourcecode.swift; path = UserTableViewCell.swift; sourceTree = "<group>"; };
		C0B8AE6D28D0B38400C256D8 /* HomeBannerCollectionViewCell.swift */ = {isa = PBXFileReference; lastKnownFileType = sourcecode.swift; path = HomeBannerCollectionViewCell.swift; sourceTree = "<group>"; };
		C0CFBDCC28D6EE8400B639D2 /* UserDetailViewController.swift */ = {isa = PBXFileReference; lastKnownFileType = sourcecode.swift; path = UserDetailViewController.swift; sourceTree = "<group>"; };
		C0CFBDCF28D7022800B639D2 /* LikeCollectionViewCell.swift */ = {isa = PBXFileReference; lastKnownFileType = sourcecode.swift; path = LikeCollectionViewCell.swift; sourceTree = "<group>"; };
		C0E7749528D3994C00FB9A5F /* HomeDetailTableViewCell.swift */ = {isa = PBXFileReference; lastKnownFileType = sourcecode.swift; path = HomeDetailTableViewCell.swift; sourceTree = "<group>"; };
		C0EDD93C28D0A9B4004086FD /* MapViewController.swift */ = {isa = PBXFileReference; lastKnownFileType = sourcecode.swift; path = MapViewController.swift; sourceTree = "<group>"; };
		C0EDD93E28D0A9CF004086FD /* LikeViewController.swift */ = {isa = PBXFileReference; lastKnownFileType = sourcecode.swift; path = LikeViewController.swift; sourceTree = "<group>"; };
		C0EDD94028D0A9E2004086FD /* UserViewController.swift */ = {isa = PBXFileReference; lastKnownFileType = sourcecode.swift; path = UserViewController.swift; sourceTree = "<group>"; };
		C0F6A7B728D0680200DAAACB /* FlowerGarden.app */ = {isa = PBXFileReference; explicitFileType = wrapper.application; includeInIndex = 0; path = FlowerGarden.app; sourceTree = BUILT_PRODUCTS_DIR; };
		C0F6A7BA28D0680200DAAACB /* AppDelegate.swift */ = {isa = PBXFileReference; lastKnownFileType = sourcecode.swift; path = AppDelegate.swift; sourceTree = "<group>"; };
		C0F6A7BC28D0680200DAAACB /* SceneDelegate.swift */ = {isa = PBXFileReference; lastKnownFileType = sourcecode.swift; path = SceneDelegate.swift; sourceTree = "<group>"; };
		C0F6A7BE28D0680200DAAACB /* HomeViewController.swift */ = {isa = PBXFileReference; lastKnownFileType = sourcecode.swift; path = HomeViewController.swift; sourceTree = "<group>"; };
		C0F6A7C128D0680200DAAACB /* Base */ = {isa = PBXFileReference; lastKnownFileType = file.storyboard; name = Base; path = Base.lproj/Main.storyboard; sourceTree = "<group>"; };
		C0F6A7C328D0680400DAAACB /* Assets.xcassets */ = {isa = PBXFileReference; lastKnownFileType = folder.assetcatalog; path = Assets.xcassets; sourceTree = "<group>"; };
		C0F6A7C628D0680400DAAACB /* Base */ = {isa = PBXFileReference; lastKnownFileType = file.storyboard; name = Base; path = Base.lproj/LaunchScreen.storyboard; sourceTree = "<group>"; };
		C0F6A7C828D0680400DAAACB /* Info.plist */ = {isa = PBXFileReference; lastKnownFileType = text.plist.xml; path = Info.plist; sourceTree = "<group>"; };
		F1E151D5FEF1AD656C5A02E5 /* Pods-FlowerGarden.debug.xcconfig */ = {isa = PBXFileReference; includeInIndex = 1; lastKnownFileType = text.xcconfig; name = "Pods-FlowerGarden.debug.xcconfig"; path = "Target Support Files/Pods-FlowerGarden/Pods-FlowerGarden.debug.xcconfig"; sourceTree = "<group>"; };
		F32C68FFA32B7D1761D53B3E /* Pods_FlowerGarden.framework */ = {isa = PBXFileReference; explicitFileType = wrapper.framework; includeInIndex = 0; path = Pods_FlowerGarden.framework; sourceTree = BUILT_PRODUCTS_DIR; };
/* End PBXFileReference section */

/* Begin PBXFrameworksBuildPhase section */
		C0F6A7B428D0680200DAAACB /* Frameworks */ = {
			isa = PBXFrameworksBuildPhase;
			buildActionMask = 2147483647;
			files = (
				2C397DC235DF8E84C5334D19 /* Pods_FlowerGarden.framework in Frameworks */,
			);
			runOnlyForDeploymentPostprocessing = 0;
		};
/* End PBXFrameworksBuildPhase section */

/* Begin PBXGroup section */
		5A6E9E4A57ECB83DFC779DE6 /* Pods */ = {
			isa = PBXGroup;
			children = (
				F1E151D5FEF1AD656C5A02E5 /* Pods-FlowerGarden.debug.xcconfig */,
				1BE388F886460B847F5F759F /* Pods-FlowerGarden.release.xcconfig */,
			);
			path = Pods;
			sourceTree = "<group>";
		};
		C0745AE328D31517009B9D7F /* DetailView */ = {
			isa = PBXGroup;
			children = (
				C0745AE128D314F7009B9D7F /* HomeDetailViewController.swift */,
				C0CFBDCC28D6EE8400B639D2 /* UserDetailViewController.swift */,
				C012FD5628D710C800A755C0 /* LikeDetailViewController.swift */,
			);
			path = DetailView;
			sourceTree = "<group>";
		};
		C0B8AE6F28D0B38900C256D8 /* Cells */ = {
			isa = PBXGroup;
			children = (
				C0CFBDD128D7023200B639D2 /* collection */,
				C0CFBDCE28D7020E00B639D2 /* table */,
			);
			path = Cells;
			sourceTree = "<group>";
		};
		C0CFBDCE28D7020E00B639D2 /* table */ = {
			isa = PBXGroup;
			children = (
				C0AD121428D2EE99003A87C5 /* StoreListTableViewCell.swift */,
				C0E7749528D3994C00FB9A5F /* HomeDetailTableViewCell.swift */,
				C0B72C1F28D6E98900077682 /* UserTableViewCell.swift */,
			);
			path = table;
			sourceTree = "<group>";
		};
		C0CFBDD128D7023200B639D2 /* collection */ = {
			isa = PBXGroup;
			children = (
				C0B8AE6D28D0B38400C256D8 /* HomeBannerCollectionViewCell.swift */,
				C0CFBDCF28D7022800B639D2 /* LikeCollectionViewCell.swift */,
			);
			path = collection;
			sourceTree = "<group>";
		};
		C0EDD94228D0A9EF004086FD /* Scenes */ = {
			isa = PBXGroup;
			children = (
				C0F6A7BE28D0680200DAAACB /* HomeViewController.swift */,
				C0EDD93C28D0A9B4004086FD /* MapViewController.swift */,
				C0EDD93E28D0A9CF004086FD /* LikeViewController.swift */,
				C0EDD94028D0A9E2004086FD /* UserViewController.swift */,
				C0745AE328D31517009B9D7F /* DetailView */,
				C0B8AE6F28D0B38900C256D8 /* Cells */,
			);
			path = Scenes;
			sourceTree = "<group>";
		};
		C0F6A7AE28D0680100DAAACB = {
			isa = PBXGroup;
			children = (
				C0F6A7B928D0680200DAAACB /* FlowerGarden */,
				C0F6A7B828D0680200DAAACB /* Products */,
				5A6E9E4A57ECB83DFC779DE6 /* Pods */,
				EA036FA47E6BDBF570B1E0C9 /* Frameworks */,
			);
			sourceTree = "<group>";
		};
		C0F6A7B828D0680200DAAACB /* Products */ = {
			isa = PBXGroup;
			children = (
				C0F6A7B728D0680200DAAACB /* FlowerGarden.app */,
			);
			name = Products;
			sourceTree = "<group>";
		};
		C0F6A7B928D0680200DAAACB /* FlowerGarden */ = {
			isa = PBXGroup;
			children = (
				C0F6A7BA28D0680200DAAACB /* AppDelegate.swift */,
				C0F6A7BC28D0680200DAAACB /* SceneDelegate.swift */,
				C0819D7228E6EEB700210227 /* TabBarController.swift */,
				C0819D6E28E5D7E600210227 /* a-botanical-wreath-loading.json */,
				C0EDD94228D0A9EF004086FD /* Scenes */,
				C0F6A7C028D0680200DAAACB /* Main.storyboard */,
				C0F6A7C328D0680400DAAACB /* Assets.xcassets */,
				C0F6A7C528D0680400DAAACB /* LaunchScreen.storyboard */,
				C0F6A7C828D0680400DAAACB /* Info.plist */,
				C0819D6C28E5BB2800210227 /* GoogleService-Info.plist */,
			);
			path = FlowerGarden;
			sourceTree = "<group>";
		};
		EA036FA47E6BDBF570B1E0C9 /* Frameworks */ = {
			isa = PBXGroup;
			children = (
				F32C68FFA32B7D1761D53B3E /* Pods_FlowerGarden.framework */,
			);
			name = Frameworks;
			sourceTree = "<group>";
		};
/* End PBXGroup section */

/* Begin PBXNativeTarget section */
		C0F6A7B628D0680200DAAACB /* FlowerGarden */ = {
			isa = PBXNativeTarget;
			buildConfigurationList = C0F6A7CB28D0680400DAAACB /* Build configuration list for PBXNativeTarget "FlowerGarden" */;
			buildPhases = (
				81FDD6D8B1395D0761372151 /* [CP] Check Pods Manifest.lock */,
				C0F6A7B328D0680200DAAACB /* Sources */,
				C0F6A7B428D0680200DAAACB /* Frameworks */,
				C0F6A7B528D0680200DAAACB /* Resources */,
				EA04DA4214D46EB07E1F0B81 /* [CP] Embed Pods Frameworks */,
			);
			buildRules = (
			);
			dependencies = (
			);
			name = FlowerGarden;
			productName = FlowerGarden;
			productReference = C0F6A7B728D0680200DAAACB /* FlowerGarden.app */;
			productType = "com.apple.product-type.application";
		};
/* End PBXNativeTarget section */

/* Begin PBXProject section */
		C0F6A7AF28D0680100DAAACB /* Project object */ = {
			isa = PBXProject;
			attributes = {
				BuildIndependentTargetsInParallel = 1;
				LastSwiftUpdateCheck = 1340;
				LastUpgradeCheck = 1340;
				TargetAttributes = {
					C0F6A7B628D0680200DAAACB = {
						CreatedOnToolsVersion = 13.4.1;
					};
				};
			};
			buildConfigurationList = C0F6A7B228D0680100DAAACB /* Build configuration list for PBXProject "FlowerGarden" */;
			compatibilityVersion = "Xcode 13.0";
			developmentRegion = en;
			hasScannedForEncodings = 0;
			knownRegions = (
				en,
				Base,
			);
			mainGroup = C0F6A7AE28D0680100DAAACB;
			productRefGroup = C0F6A7B828D0680200DAAACB /* Products */;
			projectDirPath = "";
			projectRoot = "";
			targets = (
				C0F6A7B628D0680200DAAACB /* FlowerGarden */,
			);
		};
/* End PBXProject section */

/* Begin PBXResourcesBuildPhase section */
		C0F6A7B528D0680200DAAACB /* Resources */ = {
			isa = PBXResourcesBuildPhase;
			buildActionMask = 2147483647;
			files = (
				C0F6A7C728D0680400DAAACB /* LaunchScreen.storyboard in Resources */,
				C0819D6F28E5D7E600210227 /* a-botanical-wreath-loading.json in Resources */,
				C0819D6D28E5BB2800210227 /* GoogleService-Info.plist in Resources */,
				C0F6A7C428D0680400DAAACB /* Assets.xcassets in Resources */,
				C0F6A7C228D0680200DAAACB /* Main.storyboard in Resources */,
			);
			runOnlyForDeploymentPostprocessing = 0;
		};
/* End PBXResourcesBuildPhase section */

/* Begin PBXShellScriptBuildPhase section */
		81FDD6D8B1395D0761372151 /* [CP] Check Pods Manifest.lock */ = {
			isa = PBXShellScriptBuildPhase;
			buildActionMask = 2147483647;
			files = (
			);
			inputFileListPaths = (
			);
			inputPaths = (
				"${PODS_PODFILE_DIR_PATH}/Podfile.lock",
				"${PODS_ROOT}/Manifest.lock",
			);
			name = "[CP] Check Pods Manifest.lock";
			outputFileListPaths = (
			);
			outputPaths = (
				"$(DERIVED_FILE_DIR)/Pods-FlowerGarden-checkManifestLockResult.txt",
			);
			runOnlyForDeploymentPostprocessing = 0;
			shellPath = /bin/sh;
			shellScript = "diff \"${PODS_PODFILE_DIR_PATH}/Podfile.lock\" \"${PODS_ROOT}/Manifest.lock\" > /dev/null\nif [ $? != 0 ] ; then\n    # print error to STDERR\n    echo \"error: The sandbox is not in sync with the Podfile.lock. Run 'pod install' or update your CocoaPods installation.\" >&2\n    exit 1\nfi\n# This output is used by Xcode 'outputs' to avoid re-running this script phase.\necho \"SUCCESS\" > \"${SCRIPT_OUTPUT_FILE_0}\"\n";
			showEnvVarsInLog = 0;
		};
		EA04DA4214D46EB07E1F0B81 /* [CP] Embed Pods Frameworks */ = {
			isa = PBXShellScriptBuildPhase;
			buildActionMask = 2147483647;
			files = (
			);
			inputFileListPaths = (
				"${PODS_ROOT}/Target Support Files/Pods-FlowerGarden/Pods-FlowerGarden-frameworks-${CONFIGURATION}-input-files.xcfilelist",
			);
			name = "[CP] Embed Pods Frameworks";
			outputFileListPaths = (
				"${PODS_ROOT}/Target Support Files/Pods-FlowerGarden/Pods-FlowerGarden-frameworks-${CONFIGURATION}-output-files.xcfilelist",
			);
			runOnlyForDeploymentPostprocessing = 0;
			shellPath = /bin/sh;
			shellScript = "\"${PODS_ROOT}/Target Support Files/Pods-FlowerGarden/Pods-FlowerGarden-frameworks.sh\"\n";
			showEnvVarsInLog = 0;
		};
/* End PBXShellScriptBuildPhase section */

/* Begin PBXSourcesBuildPhase section */
		C0F6A7B328D0680200DAAACB /* Sources */ = {
			isa = PBXSourcesBuildPhase;
			buildActionMask = 2147483647;
			files = (
				C0F6A7BF28D0680200DAAACB /* HomeViewController.swift in Sources */,
				C0EDD94128D0A9E2004086FD /* UserViewController.swift in Sources */,
				C012FD5728D710C800A755C0 /* LikeDetailViewController.swift in Sources */,
				C0819D7328E6EEB700210227 /* TabBarController.swift in Sources */,
				C0CFBDCD28D6EE8400B639D2 /* UserDetailViewController.swift in Sources */,
				C0B72C2028D6E98900077682 /* UserTableViewCell.swift in Sources */,
				C0F6A7BB28D0680200DAAACB /* AppDelegate.swift in Sources */,
				C0E7749628D3994C00FB9A5F /* HomeDetailTableViewCell.swift in Sources */,
				C0745AE228D314F7009B9D7F /* HomeDetailViewController.swift in Sources */,
				C0AD121528D2EE99003A87C5 /* StoreListTableViewCell.swift in Sources */,
				C0CFBDD028D7022800B639D2 /* LikeCollectionViewCell.swift in Sources */,
				C0F6A7BD28D0680200DAAACB /* SceneDelegate.swift in Sources */,
				C0EDD93D28D0A9B4004086FD /* MapViewController.swift in Sources */,
				C0B8AE6E28D0B38400C256D8 /* HomeBannerCollectionViewCell.swift in Sources */,
				C0EDD93F28D0A9CF004086FD /* LikeViewController.swift in Sources */,
			);
			runOnlyForDeploymentPostprocessing = 0;
		};
/* End PBXSourcesBuildPhase section */

/* Begin PBXVariantGroup section */
		C0F6A7C028D0680200DAAACB /* Main.storyboard */ = {
			isa = PBXVariantGroup;
			children = (
				C0F6A7C128D0680200DAAACB /* Base */,
			);
			name = Main.storyboard;
			sourceTree = "<group>";
		};
		C0F6A7C528D0680400DAAACB /* LaunchScreen.storyboard */ = {
			isa = PBXVariantGroup;
			children = (
				C0F6A7C628D0680400DAAACB /* Base */,
			);
			name = LaunchScreen.storyboard;
			sourceTree = "<group>";
		};
/* End PBXVariantGroup section */

/* Begin XCBuildConfiguration section */
		C0F6A7C928D0680400DAAACB /* Debug */ = {
			isa = XCBuildConfiguration;
			buildSettings = {
				ALWAYS_SEARCH_USER_PATHS = NO;
				CLANG_ANALYZER_NONNULL = YES;
				CLANG_ANALYZER_NUMBER_OBJECT_CONVERSION = YES_AGGRESSIVE;
				CLANG_CXX_LANGUAGE_STANDARD = "gnu++17";
				CLANG_ENABLE_MODULES = YES;
				CLANG_ENABLE_OBJC_ARC = YES;
				CLANG_ENABLE_OBJC_WEAK = YES;
				CLANG_WARN_BLOCK_CAPTURE_AUTORELEASING = YES;
				CLANG_WARN_BOOL_CONVERSION = YES;
				CLANG_WARN_COMMA = YES;
				CLANG_WARN_CONSTANT_CONVERSION = YES;
				CLANG_WARN_DEPRECATED_OBJC_IMPLEMENTATIONS = YES;
				CLANG_WARN_DIRECT_OBJC_ISA_USAGE = YES_ERROR;
				CLANG_WARN_DOCUMENTATION_COMMENTS = YES;
				CLANG_WARN_EMPTY_BODY = YES;
				CLANG_WARN_ENUM_CONVERSION = YES;
				CLANG_WARN_INFINITE_RECURSION = YES;
				CLANG_WARN_INT_CONVERSION = YES;
				CLANG_WARN_NON_LITERAL_NULL_CONVERSION = YES;
				CLANG_WARN_OBJC_IMPLICIT_RETAIN_SELF = YES;
				CLANG_WARN_OBJC_LITERAL_CONVERSION = YES;
				CLANG_WARN_OBJC_ROOT_CLASS = YES_ERROR;
				CLANG_WARN_QUOTED_INCLUDE_IN_FRAMEWORK_HEADER = YES;
				CLANG_WARN_RANGE_LOOP_ANALYSIS = YES;
				CLANG_WARN_STRICT_PROTOTYPES = YES;
				CLANG_WARN_SUSPICIOUS_MOVE = YES;
				CLANG_WARN_UNGUARDED_AVAILABILITY = YES_AGGRESSIVE;
				CLANG_WARN_UNREACHABLE_CODE = YES;
				CLANG_WARN__DUPLICATE_METHOD_MATCH = YES;
				COPY_PHASE_STRIP = NO;
				DEBUG_INFORMATION_FORMAT = dwarf;
				ENABLE_STRICT_OBJC_MSGSEND = YES;
				ENABLE_TESTABILITY = YES;
				GCC_C_LANGUAGE_STANDARD = gnu11;
				GCC_DYNAMIC_NO_PIC = NO;
				GCC_NO_COMMON_BLOCKS = YES;
				GCC_OPTIMIZATION_LEVEL = 0;
				GCC_PREPROCESSOR_DEFINITIONS = (
					"DEBUG=1",
					"$(inherited)",
				);
				GCC_WARN_64_TO_32_BIT_CONVERSION = YES;
				GCC_WARN_ABOUT_RETURN_TYPE = YES_ERROR;
				GCC_WARN_UNDECLARED_SELECTOR = YES;
				GCC_WARN_UNINITIALIZED_AUTOS = YES_AGGRESSIVE;
				GCC_WARN_UNUSED_FUNCTION = YES;
				GCC_WARN_UNUSED_VARIABLE = YES;
				IPHONEOS_DEPLOYMENT_TARGET = 15.5;
				MTL_ENABLE_DEBUG_INFO = INCLUDE_SOURCE;
				MTL_FAST_MATH = YES;
				ONLY_ACTIVE_ARCH = YES;
				SDKROOT = iphoneos;
				SWIFT_ACTIVE_COMPILATION_CONDITIONS = DEBUG;
				SWIFT_OPTIMIZATION_LEVEL = "-Onone";
			};
			name = Debug;
		};
		C0F6A7CA28D0680400DAAACB /* Release */ = {
			isa = XCBuildConfiguration;
			buildSettings = {
				ALWAYS_SEARCH_USER_PATHS = NO;
				CLANG_ANALYZER_NONNULL = YES;
				CLANG_ANALYZER_NUMBER_OBJECT_CONVERSION = YES_AGGRESSIVE;
				CLANG_CXX_LANGUAGE_STANDARD = "gnu++17";
				CLANG_ENABLE_MODULES = YES;
				CLANG_ENABLE_OBJC_ARC = YES;
				CLANG_ENABLE_OBJC_WEAK = YES;
				CLANG_WARN_BLOCK_CAPTURE_AUTORELEASING = YES;
				CLANG_WARN_BOOL_CONVERSION = YES;
				CLANG_WARN_COMMA = YES;
				CLANG_WARN_CONSTANT_CONVERSION = YES;
				CLANG_WARN_DEPRECATED_OBJC_IMPLEMENTATIONS = YES;
				CLANG_WARN_DIRECT_OBJC_ISA_USAGE = YES_ERROR;
				CLANG_WARN_DOCUMENTATION_COMMENTS = YES;
				CLANG_WARN_EMPTY_BODY = YES;
				CLANG_WARN_ENUM_CONVERSION = YES;
				CLANG_WARN_INFINITE_RECURSION = YES;
				CLANG_WARN_INT_CONVERSION = YES;
				CLANG_WARN_NON_LITERAL_NULL_CONVERSION = YES;
				CLANG_WARN_OBJC_IMPLICIT_RETAIN_SELF = YES;
				CLANG_WARN_OBJC_LITERAL_CONVERSION = YES;
				CLANG_WARN_OBJC_ROOT_CLASS = YES_ERROR;
				CLANG_WARN_QUOTED_INCLUDE_IN_FRAMEWORK_HEADER = YES;
				CLANG_WARN_RANGE_LOOP_ANALYSIS = YES;
				CLANG_WARN_STRICT_PROTOTYPES = YES;
				CLANG_WARN_SUSPICIOUS_MOVE = YES;
				CLANG_WARN_UNGUARDED_AVAILABILITY = YES_AGGRESSIVE;
				CLANG_WARN_UNREACHABLE_CODE = YES;
				CLANG_WARN__DUPLICATE_METHOD_MATCH = YES;
				COPY_PHASE_STRIP = NO;
				DEBUG_INFORMATION_FORMAT = "dwarf-with-dsym";
				ENABLE_NS_ASSERTIONS = NO;
				ENABLE_STRICT_OBJC_MSGSEND = YES;
				GCC_C_LANGUAGE_STANDARD = gnu11;
				GCC_NO_COMMON_BLOCKS = YES;
				GCC_WARN_64_TO_32_BIT_CONVERSION = YES;
				GCC_WARN_ABOUT_RETURN_TYPE = YES_ERROR;
				GCC_WARN_UNDECLARED_SELECTOR = YES;
				GCC_WARN_UNINITIALIZED_AUTOS = YES_AGGRESSIVE;
				GCC_WARN_UNUSED_FUNCTION = YES;
				GCC_WARN_UNUSED_VARIABLE = YES;
				IPHONEOS_DEPLOYMENT_TARGET = 15.5;
				MTL_ENABLE_DEBUG_INFO = NO;
				MTL_FAST_MATH = YES;
				ONLY_ACTIVE_ARCH = NO;
				SDKROOT = iphoneos;
				SWIFT_COMPILATION_MODE = wholemodule;
				SWIFT_OPTIMIZATION_LEVEL = "-O";
				VALIDATE_PRODUCT = YES;
			};
			name = Release;
		};
		C0F6A7CC28D0680400DAAACB /* Debug */ = {
			isa = XCBuildConfiguration;
			baseConfigurationReference = F1E151D5FEF1AD656C5A02E5 /* Pods-FlowerGarden.debug.xcconfig */;
			buildSettings = {
				ASSETCATALOG_COMPILER_APPICON_NAME = AppIcon;
				ASSETCATALOG_COMPILER_GLOBAL_ACCENT_COLOR_NAME = AccentColor;
				CODE_SIGN_STYLE = Automatic;
				CURRENT_PROJECT_VERSION = 1;
				DEVELOPMENT_TEAM = 6NDM2TJS37;
				GENERATE_INFOPLIST_FILE = YES;
				INFOPLIST_FILE = FlowerGarden/Info.plist;
				INFOPLIST_KEY_UIApplicationSupportsIndirectInputEvents = YES;
				INFOPLIST_KEY_UILaunchStoryboardName = LaunchScreen;
				INFOPLIST_KEY_UIMainStoryboardFile = Main;
				INFOPLIST_KEY_UISupportedInterfaceOrientations_iPad = "UIInterfaceOrientationPortrait UIInterfaceOrientationPortraitUpsideDown UIInterfaceOrientationLandscapeLeft UIInterfaceOrientationLandscapeRight";
				INFOPLIST_KEY_UISupportedInterfaceOrientations_iPhone = "UIInterfaceOrientationPortrait UIInterfaceOrientationLandscapeLeft UIInterfaceOrientationLandscapeRight";
				LD_RUNPATH_SEARCH_PATHS = (
					"$(inherited)",
					"@executable_path/Frameworks",
				);
				MARKETING_VERSION = 1.0;
				PRODUCT_BUNDLE_IDENTIFIER = kr.ac.induk.FlowerGarden;
				PRODUCT_NAME = "$(TARGET_NAME)";
				SWIFT_EMIT_LOC_STRINGS = YES;
				SWIFT_VERSION = 5.0;
				TARGETED_DEVICE_FAMILY = "1,2";
			};
			name = Debug;
		};
		C0F6A7CD28D0680400DAAACB /* Release */ = {
			isa = XCBuildConfiguration;
			baseConfigurationReference = 1BE388F886460B847F5F759F /* Pods-FlowerGarden.release.xcconfig */;
			buildSettings = {
				ASSETCATALOG_COMPILER_APPICON_NAME = AppIcon;
				ASSETCATALOG_COMPILER_GLOBAL_ACCENT_COLOR_NAME = AccentColor;
				CODE_SIGN_STYLE = Automatic;
				CURRENT_PROJECT_VERSION = 1;
				DEVELOPMENT_TEAM = 6NDM2TJS37;
				GENERATE_INFOPLIST_FILE = YES;
				INFOPLIST_FILE = FlowerGarden/Info.plist;
				INFOPLIST_KEY_UIApplicationSupportsIndirectInputEvents = YES;
				INFOPLIST_KEY_UILaunchStoryboardName = LaunchScreen;
				INFOPLIST_KEY_UIMainStoryboardFile = Main;
				INFOPLIST_KEY_UISupportedInterfaceOrientations_iPad = "UIInterfaceOrientationPortrait UIInterfaceOrientationPortraitUpsideDown UIInterfaceOrientationLandscapeLeft UIInterfaceOrientationLandscapeRight";
				INFOPLIST_KEY_UISupportedInterfaceOrientations_iPhone = "UIInterfaceOrientationPortrait UIInterfaceOrientationLandscapeLeft UIInterfaceOrientationLandscapeRight";
				LD_RUNPATH_SEARCH_PATHS = (
					"$(inherited)",
					"@executable_path/Frameworks",
				);
				MARKETING_VERSION = 1.0;
				PRODUCT_BUNDLE_IDENTIFIER = kr.ac.induk.FlowerGarden;
				PRODUCT_NAME = "$(TARGET_NAME)";
				SWIFT_EMIT_LOC_STRINGS = YES;
				SWIFT_VERSION = 5.0;
				TARGETED_DEVICE_FAMILY = "1,2";
			};
			name = Release;
		};
/* End XCBuildConfiguration section */

/* Begin XCConfigurationList section */
		C0F6A7B228D0680100DAAACB /* Build configuration list for PBXProject "FlowerGarden" */ = {
			isa = XCConfigurationList;
			buildConfigurations = (
				C0F6A7C928D0680400DAAACB /* Debug */,
				C0F6A7CA28D0680400DAAACB /* Release */,
			);
			defaultConfigurationIsVisible = 0;
			defaultConfigurationName = Release;
		};
		C0F6A7CB28D0680400DAAACB /* Build configuration list for PBXNativeTarget "FlowerGarden" */ = {
			isa = XCConfigurationList;
			buildConfigurations = (
				C0F6A7CC28D0680400DAAACB /* Debug */,
				C0F6A7CD28D0680400DAAACB /* Release */,
			);
			defaultConfigurationIsVisible = 0;
			defaultConfigurationName = Release;
		};
/* End XCConfigurationList section */
	};
	rootObject = C0F6A7AF28D0680100DAAACB /* Project object */;
}
