// !$*UTF8*$!
{
	archiveVersion = 1;
	classes = {
	};
	objectVersion = 55;
	objects = {

/* Begin PBXBuildFile section */
		1230CF9B28E2DD8D001745A2 /* ESignUpOwnerViewController.swift in Sources */ = {isa = PBXBuildFile; fileRef = 1230CF9A28E2DD8D001745A2 /* ESignUpOwnerViewController.swift */; };
		1230CF9D28E2DDC2001745A2 /* ESignUpUserViewController.swift in Sources */ = {isa = PBXBuildFile; fileRef = 1230CF9C28E2DDC2001745A2 /* ESignUpUserViewController.swift */; };
		123B112F28D4F9440034764D /* FirebaseAnalytics in Frameworks */ = {isa = PBXBuildFile; productRef = 123B112E28D4F9440034764D /* FirebaseAnalytics */; };
		123B113128D4F9440034764D /* FirebaseAuth in Frameworks */ = {isa = PBXBuildFile; productRef = 123B113028D4F9440034764D /* FirebaseAuth */; };
		123B113328D4F9440034764D /* FirebaseDatabase in Frameworks */ = {isa = PBXBuildFile; productRef = 123B113228D4F9440034764D /* FirebaseDatabase */; };
		12B51E1028D5A03C00F9CD34 /* LoginViewController.swift in Sources */ = {isa = PBXBuildFile; fileRef = 12B51E0F28D5A03C00F9CD34 /* LoginViewController.swift */; };
		12CA7B1F28D8E1F7001E68D2 /* EmailLoginViewController.swift in Sources */ = {isa = PBXBuildFile; fileRef = 12CA7B1E28D8E1F7001E68D2 /* EmailLoginViewController.swift */; };
		12E227C928D787E3009103B4 /* Assets.xcassets in Resources */ = {isa = PBXBuildFile; fileRef = 12E227C828D787E2009103B4 /* Assets.xcassets */; };
		12F95A6828DC469D00BA642B /* OwnerUserViewController.swift in Sources */ = {isa = PBXBuildFile; fileRef = 12F95A6728DC469D00BA642B /* OwnerUserViewController.swift */; };
		12F95A6A28DF63D000BA642B /* GSignUpOwnerViewController.swift in Sources */ = {isa = PBXBuildFile; fileRef = 12F95A6928DF63D000BA642B /* GSignUpOwnerViewController.swift */; };
		715B33D0B84F96F5A11F44C7 /* Pods_FlowerGarden.framework in Frameworks */ = {isa = PBXBuildFile; fileRef = FDDC53FE79011D5BB2C8D745 /* Pods_FlowerGarden.framework */; };
		BE6DF2F228F00B9600FDF4F5 /* GoogleService-Info.plist in Resources */ = {isa = PBXBuildFile; fileRef = BE6DF2F128F00B9600FDF4F5 /* GoogleService-Info.plist */; };
		BE6DF2F428F00D2D00FDF4F5 /* Adresses.swift in Sources */ = {isa = PBXBuildFile; fileRef = BE6DF2F328F00D2D00FDF4F5 /* Adresses.swift */; };
		BE6DF2F828F00D8300FDF4F5 /* KaKaoZipCodeVC.swift in Sources */ = {isa = PBXBuildFile; fileRef = BE6DF2F728F00D8300FDF4F5 /* KaKaoZipCodeVC.swift */; };
		BE6DF30028F95E0B00FDF4F5 /* Owners.swift in Sources */ = {isa = PBXBuildFile; fileRef = BE6DF2FF28F95E0B00FDF4F5 /* Owners.swift */; };
		C0745AE228D314F7009B9D7F /* HomeDetailViewController.swift in Sources */ = {isa = PBXBuildFile; fileRef = C0745AE128D314F7009B9D7F /* HomeDetailViewController.swift */; };
		C0AD121528D2EE99003A87C5 /* StoreListTableViewCell.swift in Sources */ = {isa = PBXBuildFile; fileRef = C0AD121428D2EE99003A87C5 /* StoreListTableViewCell.swift */; };
		C0B2959B28D22ABA00633C21 /* SnapKit in Frameworks */ = {isa = PBXBuildFile; productRef = C0B2959A28D22ABA00633C21 /* SnapKit */; };
		C0B8AE6E28D0B38400C256D8 /* HomeBannerCollectionViewCell.swift in Sources */ = {isa = PBXBuildFile; fileRef = C0B8AE6D28D0B38400C256D8 /* HomeBannerCollectionViewCell.swift */; };
		C0E7749628D3994C00FB9A5F /* HomeDetailTableViewCell.swift in Sources */ = {isa = PBXBuildFile; fileRef = C0E7749528D3994C00FB9A5F /* HomeDetailTableViewCell.swift */; };
		C0EDD93D28D0A9B4004086FD /* MapViewController.swift in Sources */ = {isa = PBXBuildFile; fileRef = C0EDD93C28D0A9B4004086FD /* MapViewController.swift */; };
		C0EDD93F28D0A9CF004086FD /* LikeViewController.swift in Sources */ = {isa = PBXBuildFile; fileRef = C0EDD93E28D0A9CF004086FD /* LikeViewController.swift */; };
		C0EDD94128D0A9E2004086FD /* UserViewController.swift in Sources */ = {isa = PBXBuildFile; fileRef = C0EDD94028D0A9E2004086FD /* UserViewController.swift */; };
		C0F6A7BB28D0680200DAAACB /* AppDelegate.swift in Sources */ = {isa = PBXBuildFile; fileRef = C0F6A7BA28D0680200DAAACB /* AppDelegate.swift */; };
		C0F6A7BD28D0680200DAAACB /* SceneDelegate.swift in Sources */ = {isa = PBXBuildFile; fileRef = C0F6A7BC28D0680200DAAACB /* SceneDelegate.swift */; };
		C0F6A7BF28D0680200DAAACB /* HomeViewController.swift in Sources */ = {isa = PBXBuildFile; fileRef = C0F6A7BE28D0680200DAAACB /* HomeViewController.swift */; };
		C0F6A7C228D0680200DAAACB /* Main.storyboard in Resources */ = {isa = PBXBuildFile; fileRef = C0F6A7C028D0680200DAAACB /* Main.storyboard */; };
		C0F6A7C728D0680400DAAACB /* LaunchScreen.storyboard in Resources */ = {isa = PBXBuildFile; fileRef = C0F6A7C528D0680400DAAACB /* LaunchScreen.storyboard */; };
/* End PBXBuildFile section */

/* Begin PBXFileReference section */
		1230CF9928E2991C001745A2 /* FlowerGarden.entitlements */ = {isa = PBXFileReference; lastKnownFileType = text.plist.entitlements; path = FlowerGarden.entitlements; sourceTree = "<group>"; };
		1230CF9A28E2DD8D001745A2 /* ESignUpOwnerViewController.swift */ = {isa = PBXFileReference; lastKnownFileType = sourcecode.swift; path = ESignUpOwnerViewController.swift; sourceTree = "<group>"; };
		1230CF9C28E2DDC2001745A2 /* ESignUpUserViewController.swift */ = {isa = PBXFileReference; lastKnownFileType = sourcecode.swift; path = ESignUpUserViewController.swift; sourceTree = "<group>"; };
		12B51E0F28D5A03C00F9CD34 /* LoginViewController.swift */ = {isa = PBXFileReference; lastKnownFileType = sourcecode.swift; path = LoginViewController.swift; sourceTree = "<group>"; };
		12CA7B1E28D8E1F7001E68D2 /* EmailLoginViewController.swift */ = {isa = PBXFileReference; lastKnownFileType = sourcecode.swift; path = EmailLoginViewController.swift; sourceTree = "<group>"; };
		12E227C828D787E2009103B4 /* Assets.xcassets */ = {isa = PBXFileReference; lastKnownFileType = folder.assetcatalog; name = Assets.xcassets; path = ../Assets.xcassets; sourceTree = "<group>"; };
		12F95A6728DC469D00BA642B /* OwnerUserViewController.swift */ = {isa = PBXFileReference; lastKnownFileType = sourcecode.swift; path = OwnerUserViewController.swift; sourceTree = "<group>"; };
		12F95A6928DF63D000BA642B /* GSignUpOwnerViewController.swift */ = {isa = PBXFileReference; lastKnownFileType = sourcecode.swift; path = GSignUpOwnerViewController.swift; sourceTree = "<group>"; };
		31CF3642A80D8BF96A5D7470 /* Pods-FlowerGarden.debug.xcconfig */ = {isa = PBXFileReference; includeInIndex = 1; lastKnownFileType = text.xcconfig; name = "Pods-FlowerGarden.debug.xcconfig"; path = "Target Support Files/Pods-FlowerGarden/Pods-FlowerGarden.debug.xcconfig"; sourceTree = "<group>"; };
		BE6DF2F128F00B9600FDF4F5 /* GoogleService-Info.plist */ = {isa = PBXFileReference; fileEncoding = 4; lastKnownFileType = text.plist.xml; path = "GoogleService-Info.plist"; sourceTree = "<group>"; };
		BE6DF2F328F00D2D00FDF4F5 /* Adresses.swift */ = {isa = PBXFileReference; lastKnownFileType = sourcecode.swift; name = Adresses.swift; path = Scenes/Adresses.swift; sourceTree = "<group>"; };
		BE6DF2F728F00D8300FDF4F5 /* KaKaoZipCodeVC.swift */ = {isa = PBXFileReference; lastKnownFileType = sourcecode.swift; path = KaKaoZipCodeVC.swift; sourceTree = "<group>"; };
		BE6DF2FF28F95E0B00FDF4F5 /* Owners.swift */ = {isa = PBXFileReference; lastKnownFileType = sourcecode.swift; path = Owners.swift; sourceTree = "<group>"; };
		C0745AE128D314F7009B9D7F /* HomeDetailViewController.swift */ = {isa = PBXFileReference; lastKnownFileType = sourcecode.swift; path = HomeDetailViewController.swift; sourceTree = "<group>"; };
		C0AD121428D2EE99003A87C5 /* StoreListTableViewCell.swift */ = {isa = PBXFileReference; lastKnownFileType = sourcecode.swift; path = StoreListTableViewCell.swift; sourceTree = "<group>"; };
		C0B8AE6D28D0B38400C256D8 /* HomeBannerCollectionViewCell.swift */ = {isa = PBXFileReference; lastKnownFileType = sourcecode.swift; path = HomeBannerCollectionViewCell.swift; sourceTree = "<group>"; };
		C0E7749528D3994C00FB9A5F /* HomeDetailTableViewCell.swift */ = {isa = PBXFileReference; lastKnownFileType = sourcecode.swift; path = HomeDetailTableViewCell.swift; sourceTree = "<group>"; };
		C0EDD93C28D0A9B4004086FD /* MapViewController.swift */ = {isa = PBXFileReference; lastKnownFileType = sourcecode.swift; path = MapViewController.swift; sourceTree = "<group>"; };
		C0EDD93E28D0A9CF004086FD /* LikeViewController.swift */ = {isa = PBXFileReference; lastKnownFileType = sourcecode.swift; path = LikeViewController.swift; sourceTree = "<group>"; };
		C0EDD94028D0A9E2004086FD /* UserViewController.swift */ = {isa = PBXFileReference; lastKnownFileType = sourcecode.swift; path = UserViewController.swift; sourceTree = "<group>"; };
		C0F6A7B728D0680200DAAACB /* FlowerGarden.app */ = {isa = PBXFileReference; explicitFileType = wrapper.application; includeInIndex = 0; path = FlowerGarden.app; sourceTree = BUILT_PRODUCTS_DIR; };
		C0F6A7BA28D0680200DAAACB /* AppDelegate.swift */ = {isa = PBXFileReference; lastKnownFileType = sourcecode.swift; path = AppDelegate.swift; sourceTree = "<group>"; };
		C0F6A7BC28D0680200DAAACB /* SceneDelegate.swift */ = {isa = PBXFileReference; lastKnownFileType = sourcecode.swift; path = SceneDelegate.swift; sourceTree = "<group>"; };
		C0F6A7BE28D0680200DAAACB /* HomeViewController.swift */ = {isa = PBXFileReference; lastKnownFileType = sourcecode.swift; path = HomeViewController.swift; sourceTree = "<group>"; };
		C0F6A7C128D0680200DAAACB /* Base */ = {isa = PBXFileReference; lastKnownFileType = file.storyboard; name = Base; path = Base.lproj/Main.storyboard; sourceTree = "<group>"; };
		C0F6A7C628D0680400DAAACB /* Base */ = {isa = PBXFileReference; lastKnownFileType = file.storyboard; name = Base; path = Base.lproj/LaunchScreen.storyboard; sourceTree = "<group>"; };
		C0F6A7C828D0680400DAAACB /* Info.plist */ = {isa = PBXFileReference; lastKnownFileType = text.plist.xml; path = Info.plist; sourceTree = "<group>"; };
		E70C6BA5A10CA9AD5D234692 /* Pods-FlowerGarden.release.xcconfig */ = {isa = PBXFileReference; includeInIndex = 1; lastKnownFileType = text.xcconfig; name = "Pods-FlowerGarden.release.xcconfig"; path = "Target Support Files/Pods-FlowerGarden/Pods-FlowerGarden.release.xcconfig"; sourceTree = "<group>"; };
		FDDC53FE79011D5BB2C8D745 /* Pods_FlowerGarden.framework */ = {isa = PBXFileReference; explicitFileType = wrapper.framework; includeInIndex = 0; path = Pods_FlowerGarden.framework; sourceTree = BUILT_PRODUCTS_DIR; };
/* End PBXFileReference section */

/* Begin PBXFrameworksBuildPhase section */
		C0F6A7B428D0680200DAAACB /* Frameworks */ = {
			isa = PBXFrameworksBuildPhase;
			buildActionMask = 2147483647;
			files = (
				123B112F28D4F9440034764D /* FirebaseAnalytics in Frameworks */,
				123B113128D4F9440034764D /* FirebaseAuth in Frameworks */,
				123B113328D4F9440034764D /* FirebaseDatabase in Frameworks */,
				C0B2959B28D22ABA00633C21 /* SnapKit in Frameworks */,
				715B33D0B84F96F5A11F44C7 /* Pods_FlowerGarden.framework in Frameworks */,
			);
			runOnlyForDeploymentPostprocessing = 0;
		};
/* End PBXFrameworksBuildPhase section */

/* Begin PBXGroup section */
		AA8F8B26540879FAA8782DDD /* Pods */ = {
			isa = PBXGroup;
			children = (
				31CF3642A80D8BF96A5D7470 /* Pods-FlowerGarden.debug.xcconfig */,
				E70C6BA5A10CA9AD5D234692 /* Pods-FlowerGarden.release.xcconfig */,
			);
			path = Pods;
			sourceTree = "<group>";
		};
		C0745AE328D31517009B9D7F /* DetailView */ = {
			isa = PBXGroup;
			children = (
				C0745AE128D314F7009B9D7F /* HomeDetailViewController.swift */,
			);
			path = DetailView;
			sourceTree = "<group>";
		};
		C0B8AE6F28D0B38900C256D8 /* Cells */ = {
			isa = PBXGroup;
			children = (
				C0B8AE6D28D0B38400C256D8 /* HomeBannerCollectionViewCell.swift */,
				C0AD121428D2EE99003A87C5 /* StoreListTableViewCell.swift */,
				C0E7749528D3994C00FB9A5F /* HomeDetailTableViewCell.swift */,
			);
			path = Cells;
			sourceTree = "<group>";
		};
		C0EDD94228D0A9EF004086FD /* Scenes */ = {
			isa = PBXGroup;
			children = (
				12F95A6728DC469D00BA642B /* OwnerUserViewController.swift */,
				12B51E0F28D5A03C00F9CD34 /* LoginViewController.swift */,
				12F95A6928DF63D000BA642B /* GSignUpOwnerViewController.swift */,
				1230CF9A28E2DD8D001745A2 /* ESignUpOwnerViewController.swift */,
				12CA7B1E28D8E1F7001E68D2 /* EmailLoginViewController.swift */,
				1230CF9C28E2DDC2001745A2 /* ESignUpUserViewController.swift */,
				C0F6A7BE28D0680200DAAACB /* HomeViewController.swift */,
				C0EDD93C28D0A9B4004086FD /* MapViewController.swift */,
				C0EDD93E28D0A9CF004086FD /* LikeViewController.swift */,
				C0EDD94028D0A9E2004086FD /* UserViewController.swift */,
				C0745AE328D31517009B9D7F /* DetailView */,
				C0B8AE6F28D0B38900C256D8 /* Cells */,
			);
			path = Scenes;
			sourceTree = "<group>";
		};
		C0F6A7AE28D0680100DAAACB = {
			isa = PBXGroup;
			children = (
				C0F6A7B928D0680200DAAACB /* FlowerGarden */,
				C0F6A7B828D0680200DAAACB /* Products */,
				AA8F8B26540879FAA8782DDD /* Pods */,
				FD1167F7F54466BB3E31316E /* Frameworks */,
			);
			sourceTree = "<group>";
		};
		C0F6A7B828D0680200DAAACB /* Products */ = {
			isa = PBXGroup;
			children = (
				C0F6A7B728D0680200DAAACB /* FlowerGarden.app */,
			);
			name = Products;
			sourceTree = "<group>";
		};
		C0F6A7B928D0680200DAAACB /* FlowerGarden */ = {
			isa = PBXGroup;
			children = (
				1230CF9928E2991C001745A2 /* FlowerGarden.entitlements */,
				C0F6A7BA28D0680200DAAACB /* AppDelegate.swift */,
				C0F6A7BC28D0680200DAAACB /* SceneDelegate.swift */,
				BE6DF2FF28F95E0B00FDF4F5 /* Owners.swift */,
				BE6DF2F328F00D2D00FDF4F5 /* Adresses.swift */,
				BE6DF2F728F00D8300FDF4F5 /* KaKaoZipCodeVC.swift */,
				C0EDD94228D0A9EF004086FD /* Scenes */,
				C0F6A7C028D0680200DAAACB /* Main.storyboard */,
				C0F6A7C528D0680400DAAACB /* LaunchScreen.storyboard */,
				BE6DF2F128F00B9600FDF4F5 /* GoogleService-Info.plist */,
				C0F6A7C828D0680400DAAACB /* Info.plist */,
				12E227C828D787E2009103B4 /* Assets.xcassets */,
			);
			path = FlowerGarden;
			sourceTree = "<group>";
		};
		FD1167F7F54466BB3E31316E /* Frameworks */ = {
			isa = PBXGroup;
			children = (
				FDDC53FE79011D5BB2C8D745 /* Pods_FlowerGarden.framework */,
			);
			name = Frameworks;
			sourceTree = "<group>";
		};
/* End PBXGroup section */

/* Begin PBXNativeTarget section */
		C0F6A7B628D0680200DAAACB /* FlowerGarden */ = {
			isa = PBXNativeTarget;
			buildConfigurationList = C0F6A7CB28D0680400DAAACB /* Build configuration list for PBXNativeTarget "FlowerGarden" */;
			buildPhases = (
				FF55A742D46C5664602E8D1E /* [CP] Check Pods Manifest.lock */,
				C0F6A7B328D0680200DAAACB /* Sources */,
				C0F6A7B428D0680200DAAACB /* Frameworks */,
				C0F6A7B528D0680200DAAACB /* Resources */,
				35DCAC3FF82F697B4B0BF64C /* [CP] Embed Pods Frameworks */,
				E935A389D57CDC65E2F85F84 /* [CP] Copy Pods Resources */,
			);
			buildRules = (
			);
			dependencies = (
			);
			name = FlowerGarden;
			packageProductDependencies = (
				C0B2959A28D22ABA00633C21 /* SnapKit */,
				123B112E28D4F9440034764D /* FirebaseAnalytics */,
				123B113028D4F9440034764D /* FirebaseAuth */,
				123B113228D4F9440034764D /* FirebaseDatabase */,
			);
			productName = FlowerGarden;
			productReference = C0F6A7B728D0680200DAAACB /* FlowerGarden.app */;
			productType = "com.apple.product-type.application";
		};
/* End PBXNativeTarget section */

/* Begin PBXProject section */
		C0F6A7AF28D0680100DAAACB /* Project object */ = {
			isa = PBXProject;
			attributes = {
				BuildIndependentTargetsInParallel = 1;
				LastSwiftUpdateCheck = 1340;
				LastUpgradeCheck = 1340;
				TargetAttributes = {
					C0F6A7B628D0680200DAAACB = {
						CreatedOnToolsVersion = 13.4.1;
					};
				};
			};
			buildConfigurationList = C0F6A7B228D0680100DAAACB /* Build configuration list for PBXProject "FlowerGarden" */;
			compatibilityVersion = "Xcode 13.0";
			developmentRegion = en;
			hasScannedForEncodings = 0;
			knownRegions = (
				en,
				Base,
			);
			mainGroup = C0F6A7AE28D0680100DAAACB;
			packageReferences = (
				C0B2959928D22ABA00633C21 /* XCRemoteSwiftPackageReference "SnapKit" */,
				123B112D28D4F9440034764D /* XCRemoteSwiftPackageReference "firebase-ios-sdk" */,
			);
			productRefGroup = C0F6A7B828D0680200DAAACB /* Products */;
			projectDirPath = "";
			projectRoot = "";
			targets = (
				C0F6A7B628D0680200DAAACB /* FlowerGarden */,
			);
		};
/* End PBXProject section */

/* Begin PBXResourcesBuildPhase section */
		C0F6A7B528D0680200DAAACB /* Resources */ = {
			isa = PBXResourcesBuildPhase;
			buildActionMask = 2147483647;
			files = (
				C0F6A7C728D0680400DAAACB /* LaunchScreen.storyboard in Resources */,
				BE6DF2F228F00B9600FDF4F5 /* GoogleService-Info.plist in Resources */,
				C0F6A7C228D0680200DAAACB /* Main.storyboard in Resources */,
				12E227C928D787E3009103B4 /* Assets.xcassets in Resources */,
			);
			runOnlyForDeploymentPostprocessing = 0;
		};
/* End PBXResourcesBuildPhase section */

/* Begin PBXShellScriptBuildPhase section */
		35DCAC3FF82F697B4B0BF64C /* [CP] Embed Pods Frameworks */ = {
			isa = PBXShellScriptBuildPhase;
			buildActionMask = 2147483647;
			files = (
			);
			inputFileListPaths = (
				"${PODS_ROOT}/Target Support Files/Pods-FlowerGarden/Pods-FlowerGarden-frameworks-${CONFIGURATION}-input-files.xcfilelist",
			);
			name = "[CP] Embed Pods Frameworks";
			outputFileListPaths = (
				"${PODS_ROOT}/Target Support Files/Pods-FlowerGarden/Pods-FlowerGarden-frameworks-${CONFIGURATION}-output-files.xcfilelist",
			);
			runOnlyForDeploymentPostprocessing = 0;
			shellPath = /bin/sh;
			shellScript = "\"${PODS_ROOT}/Target Support Files/Pods-FlowerGarden/Pods-FlowerGarden-frameworks.sh\"\n";
			showEnvVarsInLog = 0;
		};
		E935A389D57CDC65E2F85F84 /* [CP] Copy Pods Resources */ = {
			isa = PBXShellScriptBuildPhase;
			buildActionMask = 2147483647;
			files = (
			);
			inputFileListPaths = (
				"${PODS_ROOT}/Target Support Files/Pods-FlowerGarden/Pods-FlowerGarden-resources-${CONFIGURATION}-input-files.xcfilelist",
			);
			name = "[CP] Copy Pods Resources";
			outputFileListPaths = (
				"${PODS_ROOT}/Target Support Files/Pods-FlowerGarden/Pods-FlowerGarden-resources-${CONFIGURATION}-output-files.xcfilelist",
			);
			runOnlyForDeploymentPostprocessing = 0;
			shellPath = /bin/sh;
			shellScript = "\"${PODS_ROOT}/Target Support Files/Pods-FlowerGarden/Pods-FlowerGarden-resources.sh\"\n";
			showEnvVarsInLog = 0;
		};
		FF55A742D46C5664602E8D1E /* [CP] Check Pods Manifest.lock */ = {
			isa = PBXShellScriptBuildPhase;
			buildActionMask = 2147483647;
			files = (
			);
			inputFileListPaths = (
			);
			inputPaths = (
				"${PODS_PODFILE_DIR_PATH}/Podfile.lock",
				"${PODS_ROOT}/Manifest.lock",
			);
			name = "[CP] Check Pods Manifest.lock";
			outputFileListPaths = (
			);
			outputPaths = (
				"$(DERIVED_FILE_DIR)/Pods-FlowerGarden-checkManifestLockResult.txt",
			);
			runOnlyForDeploymentPostprocessing = 0;
			shellPath = /bin/sh;
			shellScript = "diff \"${PODS_PODFILE_DIR_PATH}/Podfile.lock\" \"${PODS_ROOT}/Manifest.lock\" > /dev/null\nif [ $? != 0 ] ; then\n    # print error to STDERR\n    echo \"error: The sandbox is not in sync with the Podfile.lock. Run 'pod install' or update your CocoaPods installation.\" >&2\n    exit 1\nfi\n# This output is used by Xcode 'outputs' to avoid re-running this script phase.\necho \"SUCCESS\" > \"${SCRIPT_OUTPUT_FILE_0}\"\n";
			showEnvVarsInLog = 0;
		};
/* End PBXShellScriptBuildPhase section */

/* Begin PBXSourcesBuildPhase section */
		C0F6A7B328D0680200DAAACB /* Sources */ = {
			isa = PBXSourcesBuildPhase;
			buildActionMask = 2147483647;
			files = (
				C0F6A7BF28D0680200DAAACB /* HomeViewController.swift in Sources */,
				12CA7B1F28D8E1F7001E68D2 /* EmailLoginViewController.swift in Sources */,
				C0EDD94128D0A9E2004086FD /* UserViewController.swift in Sources */,
				BE6DF2F428F00D2D00FDF4F5 /* Adresses.swift in Sources */,
				1230CF9D28E2DDC2001745A2 /* ESignUpUserViewController.swift in Sources */,
				C0F6A7BB28D0680200DAAACB /* AppDelegate.swift in Sources */,
				C0E7749628D3994C00FB9A5F /* HomeDetailTableViewCell.swift in Sources */,
				C0745AE228D314F7009B9D7F /* HomeDetailViewController.swift in Sources */,
				12F95A6A28DF63D000BA642B /* GSignUpOwnerViewController.swift in Sources */,
				C0AD121528D2EE99003A87C5 /* StoreListTableViewCell.swift in Sources */,
				C0F6A7BD28D0680200DAAACB /* SceneDelegate.swift in Sources */,
				C0EDD93D28D0A9B4004086FD /* MapViewController.swift in Sources */,
				C0B8AE6E28D0B38400C256D8 /* HomeBannerCollectionViewCell.swift in Sources */,
				C0EDD93F28D0A9CF004086FD /* LikeViewController.swift in Sources */,
				12B51E1028D5A03C00F9CD34 /* LoginViewController.swift in Sources */,
				1230CF9B28E2DD8D001745A2 /* ESignUpOwnerViewController.swift in Sources */,
				12F95A6828DC469D00BA642B /* OwnerUserViewController.swift in Sources */,
				BE6DF2F828F00D8300FDF4F5 /* KaKaoZipCodeVC.swift in Sources */,
				BE6DF30028F95E0B00FDF4F5 /* Owners.swift in Sources */,
			);
			runOnlyForDeploymentPostprocessing = 0;
		};
/* End PBXSourcesBuildPhase section */

/* Begin PBXVariantGroup section */
		C0F6A7C028D0680200DAAACB /* Main.storyboard */ = {
			isa = PBXVariantGroup;
			children = (
				C0F6A7C128D0680200DAAACB /* Base */,
			);
			name = Main.storyboard;
			sourceTree = "<group>";
		};
		C0F6A7C528D0680400DAAACB /* LaunchScreen.storyboard */ = {
			isa = PBXVariantGroup;
			children = (
				C0F6A7C628D0680400DAAACB /* Base */,
			);
			name = LaunchScreen.storyboard;
			sourceTree = "<group>";
		};
/* End PBXVariantGroup section */

/* Begin XCBuildConfiguration section */
		C0F6A7C928D0680400DAAACB /* Debug */ = {
			isa = XCBuildConfiguration;
			buildSettings = {
				ALWAYS_SEARCH_USER_PATHS = NO;
				CLANG_ANALYZER_NONNULL = YES;
				CLANG_ANALYZER_NUMBER_OBJECT_CONVERSION = YES_AGGRESSIVE;
				CLANG_CXX_LANGUAGE_STANDARD = "gnu++17";
				CLANG_ENABLE_MODULES = YES;
				CLANG_ENABLE_OBJC_ARC = YES;
				CLANG_ENABLE_OBJC_WEAK = YES;
				CLANG_WARN_BLOCK_CAPTURE_AUTORELEASING = YES;
				CLANG_WARN_BOOL_CONVERSION = YES;
				CLANG_WARN_COMMA = YES;
				CLANG_WARN_CONSTANT_CONVERSION = YES;
				CLANG_WARN_DEPRECATED_OBJC_IMPLEMENTATIONS = YES;
				CLANG_WARN_DIRECT_OBJC_ISA_USAGE = YES_ERROR;
				CLANG_WARN_DOCUMENTATION_COMMENTS = YES;
				CLANG_WARN_EMPTY_BODY = YES;
				CLANG_WARN_ENUM_CONVERSION = YES;
				CLANG_WARN_INFINITE_RECURSION = YES;
				CLANG_WARN_INT_CONVERSION = YES;
				CLANG_WARN_NON_LITERAL_NULL_CONVERSION = YES;
				CLANG_WARN_OBJC_IMPLICIT_RETAIN_SELF = YES;
				CLANG_WARN_OBJC_LITERAL_CONVERSION = YES;
				CLANG_WARN_OBJC_ROOT_CLASS = YES_ERROR;
				CLANG_WARN_QUOTED_INCLUDE_IN_FRAMEWORK_HEADER = YES;
				CLANG_WARN_RANGE_LOOP_ANALYSIS = YES;
				CLANG_WARN_STRICT_PROTOTYPES = YES;
				CLANG_WARN_SUSPICIOUS_MOVE = YES;
				CLANG_WARN_UNGUARDED_AVAILABILITY = YES_AGGRESSIVE;
				CLANG_WARN_UNREACHABLE_CODE = YES;
				CLANG_WARN__DUPLICATE_METHOD_MATCH = YES;
				COPY_PHASE_STRIP = NO;
				DEBUG_INFORMATION_FORMAT = dwarf;
				ENABLE_STRICT_OBJC_MSGSEND = YES;
				ENABLE_TESTABILITY = YES;
				GCC_C_LANGUAGE_STANDARD = gnu11;
				GCC_DYNAMIC_NO_PIC = NO;
				GCC_NO_COMMON_BLOCKS = YES;
				GCC_OPTIMIZATION_LEVEL = 0;
				GCC_PREPROCESSOR_DEFINITIONS = (
					"DEBUG=1",
					"$(inherited)",
				);
				GCC_WARN_64_TO_32_BIT_CONVERSION = YES;
				GCC_WARN_ABOUT_RETURN_TYPE = YES_ERROR;
				GCC_WARN_UNDECLARED_SELECTOR = YES;
				GCC_WARN_UNINITIALIZED_AUTOS = YES_AGGRESSIVE;
				GCC_WARN_UNUSED_FUNCTION = YES;
				GCC_WARN_UNUSED_VARIABLE = YES;
				IPHONEOS_DEPLOYMENT_TARGET = 15.5;
				MTL_ENABLE_DEBUG_INFO = INCLUDE_SOURCE;
				MTL_FAST_MATH = YES;
				ONLY_ACTIVE_ARCH = YES;
				SDKROOT = iphoneos;
				SWIFT_ACTIVE_COMPILATION_CONDITIONS = DEBUG;
				SWIFT_OPTIMIZATION_LEVEL = "-Onone";
			};
			name = Debug;
		};
		C0F6A7CA28D0680400DAAACB /* Release */ = {
			isa = XCBuildConfiguration;
			buildSettings = {
				ALWAYS_SEARCH_USER_PATHS = NO;
				CLANG_ANALYZER_NONNULL = YES;
				CLANG_ANALYZER_NUMBER_OBJECT_CONVERSION = YES_AGGRESSIVE;
				CLANG_CXX_LANGUAGE_STANDARD = "gnu++17";
				CLANG_ENABLE_MODULES = YES;
				CLANG_ENABLE_OBJC_ARC = YES;
				CLANG_ENABLE_OBJC_WEAK = YES;
				CLANG_WARN_BLOCK_CAPTURE_AUTORELEASING = YES;
				CLANG_WARN_BOOL_CONVERSION = YES;
				CLANG_WARN_COMMA = YES;
				CLANG_WARN_CONSTANT_CONVERSION = YES;
				CLANG_WARN_DEPRECATED_OBJC_IMPLEMENTATIONS = YES;
				CLANG_WARN_DIRECT_OBJC_ISA_USAGE = YES_ERROR;
				CLANG_WARN_DOCUMENTATION_COMMENTS = YES;
				CLANG_WARN_EMPTY_BODY = YES;
				CLANG_WARN_ENUM_CONVERSION = YES;
				CLANG_WARN_INFINITE_RECURSION = YES;
				CLANG_WARN_INT_CONVERSION = YES;
				CLANG_WARN_NON_LITERAL_NULL_CONVERSION = YES;
				CLANG_WARN_OBJC_IMPLICIT_RETAIN_SELF = YES;
				CLANG_WARN_OBJC_LITERAL_CONVERSION = YES;
				CLANG_WARN_OBJC_ROOT_CLASS = YES_ERROR;
				CLANG_WARN_QUOTED_INCLUDE_IN_FRAMEWORK_HEADER = YES;
				CLANG_WARN_RANGE_LOOP_ANALYSIS = YES;
				CLANG_WARN_STRICT_PROTOTYPES = YES;
				CLANG_WARN_SUSPICIOUS_MOVE = YES;
				CLANG_WARN_UNGUARDED_AVAILABILITY = YES_AGGRESSIVE;
				CLANG_WARN_UNREACHABLE_CODE = YES;
				CLANG_WARN__DUPLICATE_METHOD_MATCH = YES;
				COPY_PHASE_STRIP = NO;
				DEBUG_INFORMATION_FORMAT = "dwarf-with-dsym";
				ENABLE_NS_ASSERTIONS = NO;
				ENABLE_STRICT_OBJC_MSGSEND = YES;
				GCC_C_LANGUAGE_STANDARD = gnu11;
				GCC_NO_COMMON_BLOCKS = YES;
				GCC_WARN_64_TO_32_BIT_CONVERSION = YES;
				GCC_WARN_ABOUT_RETURN_TYPE = YES_ERROR;
				GCC_WARN_UNDECLARED_SELECTOR = YES;
				GCC_WARN_UNINITIALIZED_AUTOS = YES_AGGRESSIVE;
				GCC_WARN_UNUSED_FUNCTION = YES;
				GCC_WARN_UNUSED_VARIABLE = YES;
				IPHONEOS_DEPLOYMENT_TARGET = 15.5;
				MTL_ENABLE_DEBUG_INFO = NO;
				MTL_FAST_MATH = YES;
				ONLY_ACTIVE_ARCH = NO;
				SDKROOT = iphoneos;
				SWIFT_COMPILATION_MODE = wholemodule;
				SWIFT_OPTIMIZATION_LEVEL = "-O";
				VALIDATE_PRODUCT = YES;
			};
			name = Release;
		};
		C0F6A7CC28D0680400DAAACB /* Debug */ = {
			isa = XCBuildConfiguration;
			baseConfigurationReference = 31CF3642A80D8BF96A5D7470 /* Pods-FlowerGarden.debug.xcconfig */;
			buildSettings = {
				ASSETCATALOG_COMPILER_APPICON_NAME = AppIcon;
				ASSETCATALOG_COMPILER_GLOBAL_ACCENT_COLOR_NAME = AccentColor;
				CODE_SIGN_ENTITLEMENTS = FlowerGarden/FlowerGarden.entitlements;
				CODE_SIGN_STYLE = Automatic;
				CURRENT_PROJECT_VERSION = 1;
				DEVELOPMENT_TEAM = 5VQ9DRSPK5;
				EXCLUDED_ARCHS = "";
				"EXCLUDED_ARCHS[sdk=iphonesimulator*]" = arm64;
				GENERATE_INFOPLIST_FILE = YES;
				INFOPLIST_FILE = FlowerGarden/Info.plist;
				INFOPLIST_KEY_NSLocationAlwaysAndWhenInUseUsageDescription = "위치 확인을 위해 권한이 필요합니다.";
				INFOPLIST_KEY_NSLocationAlwaysUsageDescription = "사용자의 위치를 받습니다.";
				INFOPLIST_KEY_NSLocationWhenInUseUsageDescription = "사용자의 위치를 받습니다.";
				INFOPLIST_KEY_UIApplicationSupportsIndirectInputEvents = YES;
				INFOPLIST_KEY_UILaunchStoryboardName = LaunchScreen;
				INFOPLIST_KEY_UIMainStoryboardFile = Main;
				INFOPLIST_KEY_UISupportedInterfaceOrientations_iPad = "UIInterfaceOrientationPortrait UIInterfaceOrientationPortraitUpsideDown UIInterfaceOrientationLandscapeLeft UIInterfaceOrientationLandscapeRight";
				INFOPLIST_KEY_UISupportedInterfaceOrientations_iPhone = "UIInterfaceOrientationPortrait UIInterfaceOrientationLandscapeLeft UIInterfaceOrientationLandscapeRight";
				LD_RUNPATH_SEARCH_PATHS = (
					"$(inherited)",
					"@executable_path/Frameworks",
				);
				MARKETING_VERSION = 1.0;
				PRODUCT_BUNDLE_IDENTIFIER = kr.ac.induk.FlowerGarden;
				PRODUCT_NAME = "$(TARGET_NAME)";
				SWIFT_EMIT_LOC_STRINGS = YES;
				SWIFT_VERSION = 5.0;
				TARGETED_DEVICE_FAMILY = "1,2";
			};
			name = Debug;
		};
		C0F6A7CD28D0680400DAAACB /* Release */ = {
			isa = XCBuildConfiguration;
			baseConfigurationReference = E70C6BA5A10CA9AD5D234692 /* Pods-FlowerGarden.release.xcconfig */;
			buildSettings = {
				ASSETCATALOG_COMPILER_APPICON_NAME = AppIcon;
				ASSETCATALOG_COMPILER_GLOBAL_ACCENT_COLOR_NAME = AccentColor;
				CODE_SIGN_ENTITLEMENTS = FlowerGarden/FlowerGarden.entitlements;
				CODE_SIGN_STYLE = Automatic;
				CURRENT_PROJECT_VERSION = 1;
				DEVELOPMENT_TEAM = 5VQ9DRSPK5;
				EXCLUDED_ARCHS = "";
				"EXCLUDED_ARCHS[sdk=iphonesimulator*]" = arm64;
				GENERATE_INFOPLIST_FILE = YES;
				INFOPLIST_FILE = FlowerGarden/Info.plist;
				INFOPLIST_KEY_NSLocationAlwaysAndWhenInUseUsageDescription = "위치 확인을 위해 권한이 필요합니다.";
				INFOPLIST_KEY_NSLocationAlwaysUsageDescription = "사용자의 위치를 받습니다.";
				INFOPLIST_KEY_NSLocationWhenInUseUsageDescription = "사용자의 위치를 받습니다.";
				INFOPLIST_KEY_UIApplicationSupportsIndirectInputEvents = YES;
				INFOPLIST_KEY_UILaunchStoryboardName = LaunchScreen;
				INFOPLIST_KEY_UIMainStoryboardFile = Main;
				INFOPLIST_KEY_UISupportedInterfaceOrientations_iPad = "UIInterfaceOrientationPortrait UIInterfaceOrientationPortraitUpsideDown UIInterfaceOrientationLandscapeLeft UIInterfaceOrientationLandscapeRight";
				INFOPLIST_KEY_UISupportedInterfaceOrientations_iPhone = "UIInterfaceOrientationPortrait UIInterfaceOrientationLandscapeLeft UIInterfaceOrientationLandscapeRight";
				LD_RUNPATH_SEARCH_PATHS = (
					"$(inherited)",
					"@executable_path/Frameworks",
				);
				MARKETING_VERSION = 1.0;
				ONLY_ACTIVE_ARCH = YES;
				PRODUCT_BUNDLE_IDENTIFIER = kr.ac.induk.FlowerGarden;
				PRODUCT_NAME = "$(TARGET_NAME)";
				SWIFT_EMIT_LOC_STRINGS = YES;
				SWIFT_VERSION = 5.0;
				TARGETED_DEVICE_FAMILY = "1,2";
			};
			name = Release;
		};
/* End XCBuildConfiguration section */

/* Begin XCConfigurationList section */
		C0F6A7B228D0680100DAAACB /* Build configuration list for PBXProject "FlowerGarden" */ = {
			isa = XCConfigurationList;
			buildConfigurations = (
				C0F6A7C928D0680400DAAACB /* Debug */,
				C0F6A7CA28D0680400DAAACB /* Release */,
			);
			defaultConfigurationIsVisible = 0;
			defaultConfigurationName = Release;
		};
		C0F6A7CB28D0680400DAAACB /* Build configuration list for PBXNativeTarget "FlowerGarden" */ = {
			isa = XCConfigurationList;
			buildConfigurations = (
				C0F6A7CC28D0680400DAAACB /* Debug */,
				C0F6A7CD28D0680400DAAACB /* Release */,
			);
			defaultConfigurationIsVisible = 0;
			defaultConfigurationName = Release;
		};
/* End XCConfigurationList section */

/* Begin XCRemoteSwiftPackageReference section */
		123B112D28D4F9440034764D /* XCRemoteSwiftPackageReference "firebase-ios-sdk" */ = {
			isa = XCRemoteSwiftPackageReference;
			repositoryURL = "https://github.com/firebase/firebase-ios-sdk";
			requirement = {
				kind = upToNextMajorVersion;
				minimumVersion = 9.0.0;
			};
		};
		C0B2959928D22ABA00633C21 /* XCRemoteSwiftPackageReference "SnapKit" */ = {
			isa = XCRemoteSwiftPackageReference;
			repositoryURL = "https://github.com/SnapKit/SnapKit.git";
			requirement = {
				kind = upToNextMajorVersion;
				minimumVersion = 5.0.0;
			};
		};
/* End XCRemoteSwiftPackageReference section */

/* Begin XCSwiftPackageProductDependency section */
		123B112E28D4F9440034764D /* FirebaseAnalytics */ = {
			isa = XCSwiftPackageProductDependency;
			package = 123B112D28D4F9440034764D /* XCRemoteSwiftPackageReference "firebase-ios-sdk" */;
			productName = FirebaseAnalytics;
		};
		123B113028D4F9440034764D /* FirebaseAuth */ = {
			isa = XCSwiftPackageProductDependency;
			package = 123B112D28D4F9440034764D /* XCRemoteSwiftPackageReference "firebase-ios-sdk" */;
			productName = FirebaseAuth;
		};
		123B113228D4F9440034764D /* FirebaseDatabase */ = {
			isa = XCSwiftPackageProductDependency;
			package = 123B112D28D4F9440034764D /* XCRemoteSwiftPackageReference "firebase-ios-sdk" */;
			productName = FirebaseDatabase;
		};
		C0B2959A28D22ABA00633C21 /* SnapKit */ = {
			isa = XCSwiftPackageProductDependency;
			package = C0B2959928D22ABA00633C21 /* XCRemoteSwiftPackageReference "SnapKit" */;
			productName = SnapKit;
		};
/* End XCSwiftPackageProductDependency section */
	};
	rootObject = C0F6A7AF28D0680100DAAACB /* Project object */;
}
